// !$*UTF8*$!
{
	archiveVersion = 1;
	classes = {
	};
	objectVersion = 55;
	objects = {

/* Begin PBXBuildFile section */
		049049F72815C15600FA738C /* SettingsViewController.swift in Sources */ = {isa = PBXBuildFile; fileRef = 049049F62815C15600FA738C /* SettingsViewController.swift */; };
		04A93E62281671C8007BD6F1 /* LibrayController.swift in Sources */ = {isa = PBXBuildFile; fileRef = 04A93E61281671C8007BD6F1 /* LibrayController.swift */; };
		04A93E6628168966007BD6F1 /* FirlsController.swift in Sources */ = {isa = PBXBuildFile; fileRef = 04A93E6528168966007BD6F1 /* FirlsController.swift */; };
		04ABEF8A28154A150019530E /* DetailController.swift in Sources */ = {isa = PBXBuildFile; fileRef = 04ABEF8928154A150019530E /* DetailController.swift */; };
		04B47EC428134421008734C2 /* AppDelegate.swift in Sources */ = {isa = PBXBuildFile; fileRef = 04B47EC328134421008734C2 /* AppDelegate.swift */; };
		04B47EC628134421008734C2 /* SceneDelegate.swift in Sources */ = {isa = PBXBuildFile; fileRef = 04B47EC528134421008734C2 /* SceneDelegate.swift */; };
		04B47ECB28134421008734C2 /* Main.storyboard in Resources */ = {isa = PBXBuildFile; fileRef = 04B47EC928134421008734C2 /* Main.storyboard */; };
		04B47ECD28134423008734C2 /* Assets.xcassets in Resources */ = {isa = PBXBuildFile; fileRef = 04B47ECC28134423008734C2 /* Assets.xcassets */; };
		04B47ED028134423008734C2 /* LaunchScreen.storyboard in Resources */ = {isa = PBXBuildFile; fileRef = 04B47ECE28134423008734C2 /* LaunchScreen.storyboard */; };
		04B47EDA2813453A008734C2 /* .gitignore in Resources */ = {isa = PBXBuildFile; fileRef = 04B47ED92813453A008734C2 /* .gitignore */; };
		04B47EE628136428008734C2 /* Model.swift in Sources */ = {isa = PBXBuildFile; fileRef = 04B47EE528136428008734C2 /* Model.swift */; };
		04B930F22817B82800F56B33 /* ChangeDetailController.swift in Sources */ = {isa = PBXBuildFile; fileRef = 04B930F12817B82800F56B33 /* ChangeDetailController.swift */; };
		04E04F822813FBF2002DCA15 /* ExercisesControllerNew.swift in Sources */ = {isa = PBXBuildFile; fileRef = 04E04F812813FBF2002DCA15 /* ExercisesControllerNew.swift */; };
		04E04F842814026A002DCA15 /* DataManage.swift in Sources */ = {isa = PBXBuildFile; fileRef = 04E04F832814026A002DCA15 /* DataManage.swift */; };
		74733BB72816AE2A00090CA3 /* MuscleSwitch.swift in Sources */ = {isa = PBXBuildFile; fileRef = 74733BB62816AE2A00090CA3 /* MuscleSwitch.swift */; };
/* End PBXBuildFile section */

/* Begin PBXFileReference section */
		049049F62815C15600FA738C /* SettingsViewController.swift */ = {isa = PBXFileReference; lastKnownFileType = sourcecode.swift; path = SettingsViewController.swift; sourceTree = "<group>"; };
		04A93E61281671C8007BD6F1 /* LibrayController.swift */ = {isa = PBXFileReference; lastKnownFileType = sourcecode.swift; path = LibrayController.swift; sourceTree = "<group>"; };
		04A93E6528168966007BD6F1 /* FirlsController.swift */ = {isa = PBXFileReference; lastKnownFileType = sourcecode.swift; path = FirlsController.swift; sourceTree = "<group>"; };
		04ABEF8928154A150019530E /* DetailController.swift */ = {isa = PBXFileReference; lastKnownFileType = sourcecode.swift; path = DetailController.swift; sourceTree = "<group>"; };
		04B47EC028134421008734C2 /* GymApp.app */ = {isa = PBXFileReference; explicitFileType = wrapper.application; includeInIndex = 0; path = GymApp.app; sourceTree = BUILT_PRODUCTS_DIR; };
		04B47EC328134421008734C2 /* AppDelegate.swift */ = {isa = PBXFileReference; lastKnownFileType = sourcecode.swift; path = AppDelegate.swift; sourceTree = "<group>"; };
		04B47EC528134421008734C2 /* SceneDelegate.swift */ = {isa = PBXFileReference; lastKnownFileType = sourcecode.swift; path = SceneDelegate.swift; sourceTree = "<group>"; };
		04B47ECA28134421008734C2 /* Base */ = {isa = PBXFileReference; lastKnownFileType = file.storyboard; name = Base; path = Base.lproj/Main.storyboard; sourceTree = "<group>"; };
		04B47ECC28134423008734C2 /* Assets.xcassets */ = {isa = PBXFileReference; lastKnownFileType = folder.assetcatalog; path = Assets.xcassets; sourceTree = "<group>"; };
		04B47ECF28134423008734C2 /* Base */ = {isa = PBXFileReference; lastKnownFileType = file.storyboard; name = Base; path = Base.lproj/LaunchScreen.storyboard; sourceTree = "<group>"; };
		04B47ED128134423008734C2 /* Info.plist */ = {isa = PBXFileReference; lastKnownFileType = text.plist.xml; path = Info.plist; sourceTree = "<group>"; };
		04B47ED92813453A008734C2 /* .gitignore */ = {isa = PBXFileReference; lastKnownFileType = text; path = .gitignore; sourceTree = "<group>"; };
		04B47EE528136428008734C2 /* Model.swift */ = {isa = PBXFileReference; lastKnownFileType = sourcecode.swift; path = Model.swift; sourceTree = "<group>"; };
		04B930F12817B82800F56B33 /* ChangeDetailController.swift */ = {isa = PBXFileReference; lastKnownFileType = sourcecode.swift; path = ChangeDetailController.swift; sourceTree = "<group>"; };
		04E04F812813FBF2002DCA15 /* ExercisesControllerNew.swift */ = {isa = PBXFileReference; lastKnownFileType = sourcecode.swift; path = ExercisesControllerNew.swift; sourceTree = "<group>"; };
		04E04F832814026A002DCA15 /* DataManage.swift */ = {isa = PBXFileReference; lastKnownFileType = sourcecode.swift; path = DataManage.swift; sourceTree = "<group>"; };
		74733BB62816AE2A00090CA3 /* MuscleSwitch.swift */ = {isa = PBXFileReference; lastKnownFileType = sourcecode.swift; path = MuscleSwitch.swift; sourceTree = "<group>"; };
/* End PBXFileReference section */

/* Begin PBXFrameworksBuildPhase section */
		04B47EBD28134421008734C2 /* Frameworks */ = {
			isa = PBXFrameworksBuildPhase;
			buildActionMask = 2147483647;
			files = (
			);
			runOnlyForDeploymentPostprocessing = 0;
		};
/* End PBXFrameworksBuildPhase section */

/* Begin PBXGroup section */
		04B47EB728134421008734C2 = {
			isa = PBXGroup;
			children = (
				04B47EC228134421008734C2 /* GymApp */,
				04B47EC128134421008734C2 /* Products */,
			);
			sourceTree = "<group>";
		};
		04B47EC128134421008734C2 /* Products */ = {
			isa = PBXGroup;
			children = (
				04B47EC028134421008734C2 /* GymApp.app */,
			);
			name = Products;
			sourceTree = "<group>";
		};
		04B47EC228134421008734C2 /* GymApp */ = {
			isa = PBXGroup;
			children = (
				74733BB82816AE3100090CA3 /* Custom Elements */,
				04B47EEC281371D4008734C2 /* DataManages */,
				04B47EE728136535008734C2 /* Models */,
				04B47EDF281351B3008734C2 /* ViewControllers */,
				04B47ED72813443B008734C2 /* View */,
				04B47ECC28134423008734C2 /* Assets.xcassets */,
				04B47ED82813445A008734C2 /* Sistem */,
				04B47ED92813453A008734C2 /* .gitignore */,
			);
			path = GymApp;
			sourceTree = "<group>";
		};
		04B47ED72813443B008734C2 /* View */ = {
			isa = PBXGroup;
			children = (
				04B47EC928134421008734C2 /* Main.storyboard */,
				04B47ECE28134423008734C2 /* LaunchScreen.storyboard */,
			);
			path = View;
			sourceTree = "<group>";
		};
		04B47ED82813445A008734C2 /* Sistem */ = {
			isa = PBXGroup;
			children = (
				04B47EC328134421008734C2 /* AppDelegate.swift */,
				04B47EC528134421008734C2 /* SceneDelegate.swift */,
				04B47ED128134423008734C2 /* Info.plist */,
			);
			path = Sistem;
			sourceTree = "<group>";
		};
		04B47EDF281351B3008734C2 /* ViewControllers */ = {
			isa = PBXGroup;
			children = (
				04E04F812813FBF2002DCA15 /* ExercisesControllerNew.swift */,
				04ABEF8928154A150019530E /* DetailController.swift */,
				049049F62815C15600FA738C /* SettingsViewController.swift */,
				04A93E61281671C8007BD6F1 /* LibrayController.swift */,
				04A93E6528168966007BD6F1 /* FirlsController.swift */,
				04B930F12817B82800F56B33 /* ChangeDetailController.swift */,
			);
			path = ViewControllers;
			sourceTree = "<group>";
		};
		04B47EE728136535008734C2 /* Models */ = {
			isa = PBXGroup;
			children = (
				04B47EE528136428008734C2 /* Model.swift */,
			);
			path = Models;
			sourceTree = "<group>";
		};
		04B47EEC281371D4008734C2 /* DataManages */ = {
			isa = PBXGroup;
			children = (
				04E04F832814026A002DCA15 /* DataManage.swift */,
			);
			path = DataManages;
			sourceTree = "<group>";
		};
		74733BB82816AE3100090CA3 /* Custom Elements */ = {
			isa = PBXGroup;
			children = (
				74733BB62816AE2A00090CA3 /* MuscleSwitch.swift */,
			);
			path = "Custom Elements";
			sourceTree = "<group>";
		};
/* End PBXGroup section */

/* Begin PBXNativeTarget section */
		04B47EBF28134421008734C2 /* GymApp */ = {
			isa = PBXNativeTarget;
			buildConfigurationList = 04B47ED428134423008734C2 /* Build configuration list for PBXNativeTarget "GymApp" */;
			buildPhases = (
				04B47EBC28134421008734C2 /* Sources */,
				04B47EBD28134421008734C2 /* Frameworks */,
				04B47EBE28134421008734C2 /* Resources */,
			);
			buildRules = (
			);
			dependencies = (
			);
			name = GymApp;
			productName = GymApp;
			productReference = 04B47EC028134421008734C2 /* GymApp.app */;
			productType = "com.apple.product-type.application";
		};
/* End PBXNativeTarget section */

/* Begin PBXProject section */
		04B47EB828134421008734C2 /* Project object */ = {
			isa = PBXProject;
			attributes = {
				BuildIndependentTargetsInParallel = 1;
				LastSwiftUpdateCheck = 1320;
				LastUpgradeCheck = 1320;
				TargetAttributes = {
					04B47EBF28134421008734C2 = {
						CreatedOnToolsVersion = 13.2.1;
					};
				};
			};
			buildConfigurationList = 04B47EBB28134421008734C2 /* Build configuration list for PBXProject "GymApp" */;
			compatibilityVersion = "Xcode 13.0";
			developmentRegion = en;
			hasScannedForEncodings = 0;
			knownRegions = (
				en,
				Base,
			);
			mainGroup = 04B47EB728134421008734C2;
			productRefGroup = 04B47EC128134421008734C2 /* Products */;
			projectDirPath = "";
			projectRoot = "";
			targets = (
				04B47EBF28134421008734C2 /* GymApp */,
			);
		};
/* End PBXProject section */

/* Begin PBXResourcesBuildPhase section */
		04B47EBE28134421008734C2 /* Resources */ = {
			isa = PBXResourcesBuildPhase;
			buildActionMask = 2147483647;
			files = (
				04B47EDA2813453A008734C2 /* .gitignore in Resources */,
				04B47ED028134423008734C2 /* LaunchScreen.storyboard in Resources */,
				04B47ECD28134423008734C2 /* Assets.xcassets in Resources */,
				04B47ECB28134421008734C2 /* Main.storyboard in Resources */,
			);
			runOnlyForDeploymentPostprocessing = 0;
		};
/* End PBXResourcesBuildPhase section */

/* Begin PBXSourcesBuildPhase section */
		04B47EBC28134421008734C2 /* Sources */ = {
			isa = PBXSourcesBuildPhase;
			buildActionMask = 2147483647;
			files = (
				04ABEF8A28154A150019530E /* DetailController.swift in Sources */,
				04B47EE628136428008734C2 /* Model.swift in Sources */,
				04E04F822813FBF2002DCA15 /* ExercisesControllerNew.swift in Sources */,
				04B47EC428134421008734C2 /* AppDelegate.swift in Sources */,
				04E04F842814026A002DCA15 /* DataManage.swift in Sources */,
				04B47EC628134421008734C2 /* SceneDelegate.swift in Sources */,
				04B930F22817B82800F56B33 /* ChangeDetailController.swift in Sources */,
				04A93E62281671C8007BD6F1 /* LibrayController.swift in Sources */,
				04A93E6628168966007BD6F1 /* FirlsController.swift in Sources */,
				74733BB72816AE2A00090CA3 /* MuscleSwitch.swift in Sources */,
				049049F72815C15600FA738C /* SettingsViewController.swift in Sources */,
			);
			runOnlyForDeploymentPostprocessing = 0;
		};
/* End PBXSourcesBuildPhase section */

/* Begin PBXVariantGroup section */
		04B47EC928134421008734C2 /* Main.storyboard */ = {
			isa = PBXVariantGroup;
			children = (
				04B47ECA28134421008734C2 /* Base */,
			);
			name = Main.storyboard;
			sourceTree = "<group>";
		};
		04B47ECE28134423008734C2 /* LaunchScreen.storyboard */ = {
			isa = PBXVariantGroup;
			children = (
				04B47ECF28134423008734C2 /* Base */,
			);
			name = LaunchScreen.storyboard;
			sourceTree = "<group>";
		};
/* End PBXVariantGroup section */

/* Begin XCBuildConfiguration section */
		04B47ED228134423008734C2 /* Debug */ = {
			isa = XCBuildConfiguration;
			buildSettings = {
				ALWAYS_SEARCH_USER_PATHS = NO;
				CLANG_ANALYZER_NONNULL = YES;
				CLANG_ANALYZER_NUMBER_OBJECT_CONVERSION = YES_AGGRESSIVE;
				CLANG_CXX_LANGUAGE_STANDARD = "gnu++17";
				CLANG_CXX_LIBRARY = "libc++";
				CLANG_ENABLE_MODULES = YES;
				CLANG_ENABLE_OBJC_ARC = YES;
				CLANG_ENABLE_OBJC_WEAK = YES;
				CLANG_WARN_BLOCK_CAPTURE_AUTORELEASING = YES;
				CLANG_WARN_BOOL_CONVERSION = YES;
				CLANG_WARN_COMMA = YES;
				CLANG_WARN_CONSTANT_CONVERSION = YES;
				CLANG_WARN_DEPRECATED_OBJC_IMPLEMENTATIONS = YES;
				CLANG_WARN_DIRECT_OBJC_ISA_USAGE = YES_ERROR;
				CLANG_WARN_DOCUMENTATION_COMMENTS = YES;
				CLANG_WARN_EMPTY_BODY = YES;
				CLANG_WARN_ENUM_CONVERSION = YES;
				CLANG_WARN_INFINITE_RECURSION = YES;
				CLANG_WARN_INT_CONVERSION = YES;
				CLANG_WARN_NON_LITERAL_NULL_CONVERSION = YES;
				CLANG_WARN_OBJC_IMPLICIT_RETAIN_SELF = YES;
				CLANG_WARN_OBJC_LITERAL_CONVERSION = YES;
				CLANG_WARN_OBJC_ROOT_CLASS = YES_ERROR;
				CLANG_WARN_QUOTED_INCLUDE_IN_FRAMEWORK_HEADER = YES;
				CLANG_WARN_RANGE_LOOP_ANALYSIS = YES;
				CLANG_WARN_STRICT_PROTOTYPES = YES;
				CLANG_WARN_SUSPICIOUS_MOVE = YES;
				CLANG_WARN_UNGUARDED_AVAILABILITY = YES_AGGRESSIVE;
				CLANG_WARN_UNREACHABLE_CODE = YES;
				CLANG_WARN__DUPLICATE_METHOD_MATCH = YES;
				COPY_PHASE_STRIP = NO;
				DEBUG_INFORMATION_FORMAT = dwarf;
				ENABLE_STRICT_OBJC_MSGSEND = YES;
				ENABLE_TESTABILITY = YES;
				GCC_C_LANGUAGE_STANDARD = gnu11;
				GCC_DYNAMIC_NO_PIC = NO;
				GCC_NO_COMMON_BLOCKS = YES;
				GCC_OPTIMIZATION_LEVEL = 0;
				GCC_PREPROCESSOR_DEFINITIONS = (
					"DEBUG=1",
					"$(inherited)",
				);
				GCC_WARN_64_TO_32_BIT_CONVERSION = YES;
				GCC_WARN_ABOUT_RETURN_TYPE = YES_ERROR;
				GCC_WARN_UNDECLARED_SELECTOR = YES;
				GCC_WARN_UNINITIALIZED_AUTOS = YES_AGGRESSIVE;
				GCC_WARN_UNUSED_FUNCTION = YES;
				GCC_WARN_UNUSED_VARIABLE = YES;
				IPHONEOS_DEPLOYMENT_TARGET = 15.2;
				MTL_ENABLE_DEBUG_INFO = INCLUDE_SOURCE;
				MTL_FAST_MATH = YES;
				ONLY_ACTIVE_ARCH = YES;
				SDKROOT = iphoneos;
				SWIFT_ACTIVE_COMPILATION_CONDITIONS = DEBUG;
				SWIFT_OPTIMIZATION_LEVEL = "-Onone";
			};
			name = Debug;
		};
		04B47ED328134423008734C2 /* Release */ = {
			isa = XCBuildConfiguration;
			buildSettings = {
				ALWAYS_SEARCH_USER_PATHS = NO;
				CLANG_ANALYZER_NONNULL = YES;
				CLANG_ANALYZER_NUMBER_OBJECT_CONVERSION = YES_AGGRESSIVE;
				CLANG_CXX_LANGUAGE_STANDARD = "gnu++17";
				CLANG_CXX_LIBRARY = "libc++";
				CLANG_ENABLE_MODULES = YES;
				CLANG_ENABLE_OBJC_ARC = YES;
				CLANG_ENABLE_OBJC_WEAK = YES;
				CLANG_WARN_BLOCK_CAPTURE_AUTORELEASING = YES;
				CLANG_WARN_BOOL_CONVERSION = YES;
				CLANG_WARN_COMMA = YES;
				CLANG_WARN_CONSTANT_CONVERSION = YES;
				CLANG_WARN_DEPRECATED_OBJC_IMPLEMENTATIONS = YES;
				CLANG_WARN_DIRECT_OBJC_ISA_USAGE = YES_ERROR;
				CLANG_WARN_DOCUMENTATION_COMMENTS = YES;
				CLANG_WARN_EMPTY_BODY = YES;
				CLANG_WARN_ENUM_CONVERSION = YES;
				CLANG_WARN_INFINITE_RECURSION = YES;
				CLANG_WARN_INT_CONVERSION = YES;
				CLANG_WARN_NON_LITERAL_NULL_CONVERSION = YES;
				CLANG_WARN_OBJC_IMPLICIT_RETAIN_SELF = YES;
				CLANG_WARN_OBJC_LITERAL_CONVERSION = YES;
				CLANG_WARN_OBJC_ROOT_CLASS = YES_ERROR;
				CLANG_WARN_QUOTED_INCLUDE_IN_FRAMEWORK_HEADER = YES;
				CLANG_WARN_RANGE_LOOP_ANALYSIS = YES;
				CLANG_WARN_STRICT_PROTOTYPES = YES;
				CLANG_WARN_SUSPICIOUS_MOVE = YES;
				CLANG_WARN_UNGUARDED_AVAILABILITY = YES_AGGRESSIVE;
				CLANG_WARN_UNREACHABLE_CODE = YES;
				CLANG_WARN__DUPLICATE_METHOD_MATCH = YES;
				COPY_PHASE_STRIP = NO;
				DEBUG_INFORMATION_FORMAT = "dwarf-with-dsym";
				ENABLE_NS_ASSERTIONS = NO;
				ENABLE_STRICT_OBJC_MSGSEND = YES;
				GCC_C_LANGUAGE_STANDARD = gnu11;
				GCC_NO_COMMON_BLOCKS = YES;
				GCC_WARN_64_TO_32_BIT_CONVERSION = YES;
				GCC_WARN_ABOUT_RETURN_TYPE = YES_ERROR;
				GCC_WARN_UNDECLARED_SELECTOR = YES;
				GCC_WARN_UNINITIALIZED_AUTOS = YES_AGGRESSIVE;
				GCC_WARN_UNUSED_FUNCTION = YES;
				GCC_WARN_UNUSED_VARIABLE = YES;
				IPHONEOS_DEPLOYMENT_TARGET = 15.2;
				MTL_ENABLE_DEBUG_INFO = NO;
				MTL_FAST_MATH = YES;
				SDKROOT = iphoneos;
				SWIFT_COMPILATION_MODE = wholemodule;
				SWIFT_OPTIMIZATION_LEVEL = "-O";
				VALIDATE_PRODUCT = YES;
			};
			name = Release;
		};
		04B47ED528134423008734C2 /* Debug */ = {
			isa = XCBuildConfiguration;
			buildSettings = {
				ASSETCATALOG_COMPILER_APPICON_NAME = AppIcon;
				ASSETCATALOG_COMPILER_GLOBAL_ACCENT_COLOR_NAME = AccentColor;
				CODE_SIGN_STYLE = Automatic;
				CURRENT_PROJECT_VERSION = 1;
				DEVELOPMENT_TEAM = WZJ6JFW8X2;
				GENERATE_INFOPLIST_FILE = YES;
				INFOPLIST_FILE = GymApp/Sistem/Info.plist;
				INFOPLIST_KEY_UIApplicationSupportsIndirectInputEvents = YES;
				INFOPLIST_KEY_UILaunchStoryboardName = LaunchScreen;
				INFOPLIST_KEY_UIMainStoryboardFile = Main;
				INFOPLIST_KEY_UISupportedInterfaceOrientations_iPad = "UIInterfaceOrientationPortrait UIInterfaceOrientationPortraitUpsideDown UIInterfaceOrientationLandscapeLeft UIInterfaceOrientationLandscapeRight";
				INFOPLIST_KEY_UISupportedInterfaceOrientations_iPhone = "UIInterfaceOrientationPortrait UIInterfaceOrientationLandscapeLeft UIInterfaceOrientationLandscapeRight";
				LD_RUNPATH_SEARCH_PATHS = (
					"$(inherited)",
					"@executable_path/Frameworks",
				);
				MARKETING_VERSION = 1.0;
				PRODUCT_BUNDLE_IDENTIFIER = Glushchenko.Sergei.GymApp;
				PRODUCT_NAME = "$(TARGET_NAME)";
				SWIFT_EMIT_LOC_STRINGS = YES;
				SWIFT_VERSION = 5.0;
				TARGETED_DEVICE_FAMILY = "1,2";
			};
			name = Debug;
		};
		04B47ED628134423008734C2 /* Release */ = {
			isa = XCBuildConfiguration;
			buildSettings = {
				ASSETCATALOG_COMPILER_APPICON_NAME = AppIcon;
				ASSETCATALOG_COMPILER_GLOBAL_ACCENT_COLOR_NAME = AccentColor;
				CODE_SIGN_STYLE = Automatic;
				CURRENT_PROJECT_VERSION = 1;
				DEVELOPMENT_TEAM = WZJ6JFW8X2;
				GENERATE_INFOPLIST_FILE = YES;
				INFOPLIST_FILE = GymApp/Sistem/Info.plist;
				INFOPLIST_KEY_UIApplicationSupportsIndirectInputEvents = YES;
				INFOPLIST_KEY_UILaunchStoryboardName = LaunchScreen;
				INFOPLIST_KEY_UIMainStoryboardFile = Main;
				INFOPLIST_KEY_UISupportedInterfaceOrientations_iPad = "UIInterfaceOrientationPortrait UIInterfaceOrientationPortraitUpsideDown UIInterfaceOrientationLandscapeLeft UIInterfaceOrientationLandscapeRight";
				INFOPLIST_KEY_UISupportedInterfaceOrientations_iPhone = "UIInterfaceOrientationPortrait UIInterfaceOrientationLandscapeLeft UIInterfaceOrientationLandscapeRight";
				LD_RUNPATH_SEARCH_PATHS = (
					"$(inherited)",
					"@executable_path/Frameworks",
				);
				MARKETING_VERSION = 1.0;
				PRODUCT_BUNDLE_IDENTIFIER = Glushchenko.Sergei.GymApp;
				PRODUCT_NAME = "$(TARGET_NAME)";
				SWIFT_EMIT_LOC_STRINGS = YES;
				SWIFT_VERSION = 5.0;
				TARGETED_DEVICE_FAMILY = "1,2";
			};
			name = Release;
		};
/* End XCBuildConfiguration section */

/* Begin XCConfigurationList section */
		04B47EBB28134421008734C2 /* Build configuration list for PBXProject "GymApp" */ = {
			isa = XCConfigurationList;
			buildConfigurations = (
				04B47ED228134423008734C2 /* Debug */,
				04B47ED328134423008734C2 /* Release */,
			);
			defaultConfigurationIsVisible = 0;
			defaultConfigurationName = Release;
		};
		04B47ED428134423008734C2 /* Build configuration list for PBXNativeTarget "GymApp" */ = {
			isa = XCConfigurationList;
			buildConfigurations = (
				04B47ED528134423008734C2 /* Debug */,
				04B47ED628134423008734C2 /* Release */,
			);
			defaultConfigurationIsVisible = 0;
			defaultConfigurationName = Release;
		};
/* End XCConfigurationList section */
	};
	rootObject = 04B47EB828134421008734C2 /* Project object */;
}
